
Microsoft Visual Studio Solution File, Format Version 12.00
# Visual Studio Version 16
VisualStudioVersion = 16.0.33328.57
MinimumVisualStudioVersion = 10.0.40219.1
Project("{9A19103F-16F7-4668-BE54-9A1E7A4F7556}") = "MonitorService", "MonitorService\MonitorService.csproj", "{7DB925A7-A836-4FA7-A3E9-D029ED5BF1C1}"
EndProject
Project("{2150E333-8FDC-42A3-9474-1A3956D46DE8}") = "Solution Items", "Solution Items", "{B945B17F-F2AC-48BA-A5EB-00A00A1F0168}"
	ProjectSection(SolutionItems) = preProject
		Assignment.docx = Assignment.docx
	EndProjectSection
EndProject
Project("{9A19103F-16F7-4668-BE54-9A1E7A4F7556}") = "HrServiceContract", "HrServiceContract\HrServiceContract.csproj", "{9D764A08-CA96-4A52-961C-67A350DABC64}"
EndProject
Project("{9A19103F-16F7-4668-BE54-9A1E7A4F7556}") = "MyOnCallTimeTests", "MyOnCallTimeTests\MyOnCallTimeTests.csproj", "{AEF68336-1E8C-4770-AE3A-9825FF32CF9C}"
EndProject
Global
	GlobalSection(SolutionConfigurationPlatforms) = preSolution
		Debug|Any CPU = Debug|Any CPU
		Release|Any CPU = Release|Any CPU
	EndGlobalSection
	GlobalSection(ProjectConfigurationPlatforms) = postSolution
		{7DB925A7-A836-4FA7-A3E9-D029ED5BF1C1}.Debug|Any CPU.ActiveCfg = Debug|Any CPU
		{7DB925A7-A836-4FA7-A3E9-D029ED5BF1C1}.Debug|Any CPU.Build.0 = Debug|Any CPU
		{7DB925A7-A836-4FA7-A3E9-D029ED5BF1C1}.Release|Any CPU.ActiveCfg = Release|Any CPU
		{7DB925A7-A836-4FA7-A3E9-D029ED5BF1C1}.Release|Any CPU.Build.0 = Release|Any CPU
		{9D764A08-CA96-4A52-961C-67A350DABC64}.Debug|Any CPU.ActiveCfg = Debug|Any CPU
		{9D764A08-CA96-4A52-961C-67A350DABC64}.Debug|Any CPU.Build.0 = Debug|Any CPU
		{9D764A08-CA96-4A52-961C-67A350DABC64}.Release|Any CPU.ActiveCfg = Release|Any CPU
		{9D764A08-CA96-4A52-961C-67A350DABC64}.Release|Any CPU.Build.0 = Release|Any CPU
		{AEF68336-1E8C-4770-AE3A-9825FF32CF9C}.Debug|Any CPU.ActiveCfg = Debug|Any CPU
		{AEF68336-1E8C-4770-AE3A-9825FF32CF9C}.Debug|Any CPU.Build.0 = Debug|Any CPU
		{AEF68336-1E8C-4770-AE3A-9825FF32CF9C}.Release|Any CPU.ActiveCfg = Release|Any CPU
		{AEF68336-1E8C-4770-AE3A-9825FF32CF9C}.Release|Any CPU.Build.0 = Release|Any CPU
	EndGlobalSection
	GlobalSection(SolutionProperties) = preSolution
		HideSolutionNode = FALSE
	EndGlobalSection
	GlobalSection(ExtensibilityGlobals) = postSolution
		SolutionGuid = {BE99D11E-7972-43C7-AE86-36E0FA61594F}
	EndGlobalSection
EndGlobal
